
Microsoft Visual Studio Solution File, Format Version 12.00
# Visual Studio 15
VisualStudioVersion = 15.0.27428.2037
MinimumVisualStudioVersion = 10.0.40219.1
Project("{FAE04EC0-301F-11D3-BF4B-00C04F79EFBC}") = "ZIVVAapp", "ZIVVAapp\ZIVVAapp.csproj", "{DA5C5C80-4CFA-421A-B992-127D1ED8CD43}"
EndProject
Global
	GlobalSection(SolutionConfigurationPlatforms) = preSolution
		Debug|Any CPU = Debug|Any CPU
		Release|Any CPU = Release|Any CPU
	EndGlobalSection
	GlobalSection(ProjectConfigurationPlatforms) = postSolution
		{DA5C5C80-4CFA-421A-B992-127D1ED8CD43}.Debug|Any CPU.ActiveCfg = Debug|Any CPU
		{DA5C5C80-4CFA-421A-B992-127D1ED8CD43}.Debug|Any CPU.Build.0 = Debug|Any CPU
		{DA5C5C80-4CFA-421A-B992-127D1ED8CD43}.Release|Any CPU.ActiveCfg = Release|Any CPU
		{DA5C5C80-4CFA-421A-B992-127D1ED8CD43}.Release|Any CPU.Build.0 = Release|Any CPU
	EndGlobalSection
	GlobalSection(SolutionProperties) = preSolution
		HideSolutionNode = FALSE
	EndGlobalSection
	GlobalSection(ExtensibilityGlobals) = postSolution
		SolutionGuid = {DCED16B6-A086-4F36-8D97-1BE10D544FFB}
	EndGlobalSection
EndGlobal
